// !$*UTF8*$!
{
	archiveVersion = 1;
	classes = {
	};
	objectVersion = 46;
	objects = {

/* Begin PBXBuildFile section */
		E9837CB51CE7061C0095B263 /* AppDelegate.swift in Sources */ = {isa = PBXBuildFile; fileRef = E9837CB41CE7061C0095B263 /* AppDelegate.swift */; };
		E9837CB71CE7061C0095B263 /* ViewController.swift in Sources */ = {isa = PBXBuildFile; fileRef = E9837CB61CE7061C0095B263 /* ViewController.swift */; };
		E9837CBA1CE7061C0095B263 /* Main.storyboard in Resources */ = {isa = PBXBuildFile; fileRef = E9837CB81CE7061C0095B263 /* Main.storyboard */; };
		E9837CBC1CE7061C0095B263 /* Assets.xcassets in Resources */ = {isa = PBXBuildFile; fileRef = E9837CBB1CE7061C0095B263 /* Assets.xcassets */; };
		E9837CBF1CE7061C0095B263 /* LaunchScreen.storyboard in Resources */ = {isa = PBXBuildFile; fileRef = E9837CBD1CE7061C0095B263 /* LaunchScreen.storyboard */; };
/* End PBXBuildFile section */

/* Begin PBXFileReference section */
		E9837CB11CE7061C0095B263 /* Eisenhower Quadrant.app */ = {isa = PBXFileReference; explicitFileType = wrapper.application; includeInIndex = 0; path = "Eisenhower Quadrant.app"; sourceTree = BUILT_PRODUCTS_DIR; };
		E9837CB41CE7061C0095B263 /* AppDelegate.swift */ = {isa = PBXFileReference; lastKnownFileType = sourcecode.swift; path = AppDelegate.swift; sourceTree = "<group>"; };
		E9837CB61CE7061C0095B263 /* ViewController.swift */ = {isa = PBXFileReference; lastKnownFileType = sourcecode.swift; path = ViewController.swift; sourceTree = "<group>"; };
		E9837CB91CE7061C0095B263 /* Base */ = {isa = PBXFileReference; lastKnownFileType = file.storyboard; name = Base; path = Base.lproj/Main.storyboard; sourceTree = "<group>"; };
		E9837CBB1CE7061C0095B263 /* Assets.xcassets */ = {isa = PBXFileReference; lastKnownFileType = folder.assetcatalog; path = Assets.xcassets; sourceTree = "<group>"; };
		E9837CBE1CE7061C0095B263 /* Base */ = {isa = PBXFileReference; lastKnownFileType = file.storyboard; name = Base; path = Base.lproj/LaunchScreen.storyboard; sourceTree = "<group>"; };
		E9837CC01CE7061C0095B263 /* Info.plist */ = {isa = PBXFileReference; lastKnownFileType = text.plist.xml; path = Info.plist; sourceTree = "<group>"; };
/* End PBXFileReference section */

/* Begin PBXFrameworksBuildPhase section */
		E9837CAE1CE7061C0095B263 /* Frameworks */ = {
			isa = PBXFrameworksBuildPhase;
			buildActionMask = 2147483647;
			files = (
			);
			runOnlyForDeploymentPostprocessing = 0;
		};
/* End PBXFrameworksBuildPhase section */

/* Begin PBXGroup section */
		E9837CA81CE7061C0095B263 = {
			isa = PBXGroup;
			children = (
				E9837CB31CE7061C0095B263 /* Eisenhower Quadrant */,
				E9837CB21CE7061C0095B263 /* Products */,
			);
			sourceTree = "<group>";
		};
		E9837CB21CE7061C0095B263 /* Products */ = {
			isa = PBXGroup;
			children = (
				E9837CB11CE7061C0095B263 /* Eisenhower Quadrant.app */,
			);
			name = Products;
			sourceTree = "<group>";
		};
		E9837CB31CE7061C0095B263 /* Eisenhower Quadrant */ = {
			isa = PBXGroup;
			children = (
				E9837CB41CE7061C0095B263 /* AppDelegate.swift */,
				E9837CB61CE7061C0095B263 /* ViewController.swift */,
				E9837CB81CE7061C0095B263 /* Main.storyboard */,
				E9837CBB1CE7061C0095B263 /* Assets.xcassets */,
				E9837CBD1CE7061C0095B263 /* LaunchScreen.storyboard */,
				E9837CC01CE7061C0095B263 /* Info.plist */,
			);
			path = "Eisenhower Quadrant";
			sourceTree = "<group>";
		};
/* End PBXGroup section */

/* Begin PBXNativeTarget section */
		E9837CB01CE7061C0095B263 /* Eisenhower Quadrant */ = {
			isa = PBXNativeTarget;
			buildConfigurationList = E9837CC31CE7061C0095B263 /* Build configuration list for PBXNativeTarget "Eisenhower Quadrant" */;
			buildPhases = (
				E9837CAD1CE7061C0095B263 /* Sources */,
				E9837CAE1CE7061C0095B263 /* Frameworks */,
				E9837CAF1CE7061C0095B263 /* Resources */,
			);
			buildRules = (
			);
			dependencies = (
			);
			name = "Eisenhower Quadrant";
			productName = "Eisenhower Quadrant";
			productReference = E9837CB11CE7061C0095B263 /* Eisenhower Quadrant.app */;
			productType = "com.apple.product-type.application";
		};
/* End PBXNativeTarget section */

/* Begin PBXProject section */
		E9837CA91CE7061C0095B263 /* Project object */ = {
			isa = PBXProject;
			attributes = {
				LastSwiftUpdateCheck = 0730;
				LastUpgradeCheck = 0730;
				ORGANIZATIONNAME = "Patrik Ackland";
				TargetAttributes = {
					E9837CB01CE7061C0095B263 = {
						CreatedOnToolsVersion = 7.3.1;
						DevelopmentTeam = 7ZKJJQ34UB;
					};
				};
			};
			buildConfigurationList = E9837CAC1CE7061C0095B263 /* Build configuration list for PBXProject "Eisenhower Quadrant" */;
			compatibilityVersion = "Xcode 3.2";
			developmentRegion = English;
			hasScannedForEncodings = 0;
			knownRegions = (
				en,
				Base,
			);
			mainGroup = E9837CA81CE7061C0095B263;
			productRefGroup = E9837CB21CE7061C0095B263 /* Products */;
			projectDirPath = "";
			projectRoot = "";
			targets = (
				E9837CB01CE7061C0095B263 /* Eisenhower Quadrant */,
			);
		};
/* End PBXProject section */

/* Begin PBXResourcesBuildPhase section */
		E9837CAF1CE7061C0095B263 /* Resources */ = {
			isa = PBXResourcesBuildPhase;
			buildActionMask = 2147483647;
			files = (
				E9837CBF1CE7061C0095B263 /* LaunchScreen.storyboard in Resources */,
				E9837CBC1CE7061C0095B263 /* Assets.xcassets in Resources */,
				E9837CBA1CE7061C0095B263 /* Main.storyboard in Resources */,
			);
			runOnlyForDeploymentPostprocessing = 0;
		};
/* End PBXResourcesBuildPhase section */

/* Begin PBXSourcesBuildPhase section */
		E9837CAD1CE7061C0095B263 /* Sources */ = {
			isa = PBXSourcesBuildPhase;
			buildActionMask = 2147483647;
			files = (
				E9837CB71CE7061C0095B263 /* ViewController.swift in Sources */,
				E9837CB51CE7061C0095B263 /* AppDelegate.swift in Sources */,
			);
			runOnlyForDeploymentPostprocessing = 0;
		};
/* End PBXSourcesBuildPhase section */

/* Begin PBXVariantGroup section */
		E9837CB81CE7061C0095B263 /* Main.storyboard */ = {
			isa = PBXVariantGroup;
			children = (
				E9837CB91CE7061C0095B263 /* Base */,
			);
			name = Main.storyboard;
			sourceTree = "<group>";
		};
		E9837CBD1CE7061C0095B263 /* LaunchScreen.storyboard */ = {
			isa = PBXVariantGroup;
			children = (
				E9837CBE1CE7061C0095B263 /* Base */,
			);
			name = LaunchScreen.storyboard;
			sourceTree = "<group>";
		};
/* End PBXVariantGroup section */

/* Begin XCBuildConfiguration section */
		E9837CC11CE7061C0095B263 /* Debug */ = {
			isa = XCBuildConfiguration;
			buildSettings = {
				ALWAYS_SEARCH_USER_PATHS = NO;
				CLANG_ANALYZER_NONNULL = YES;
				CLANG_CXX_LANGUAGE_STANDARD = "gnu++0x";
				CLANG_CXX_LIBRARY = "libc++";
				CLANG_ENABLE_MODULES = YES;
				CLANG_ENABLE_OBJC_ARC = YES;
				CLANG_WARN_BOOL_CONVERSION = YES;
				CLANG_WARN_CONSTANT_CONVERSION = YES;
				CLANG_WARN_DIRECT_OBJC_ISA_USAGE = YES_ERROR;
				CLANG_WARN_EMPTY_BODY = YES;
				CLANG_WARN_ENUM_CONVERSION = YES;
				CLANG_WARN_INT_CONVERSION = YES;
				CLANG_WARN_OBJC_ROOT_CLASS = YES_ERROR;
				CLANG_WARN_UNREACHABLE_CODE = YES;
				CLANG_WARN__DUPLICATE_METHOD_MATCH = YES;
				"CODE_SIGN_IDENTITY[sdk=iphoneos*]" = "iPhone Developer";
				COPY_PHASE_STRIP = NO;
				DEBUG_INFORMATION_FORMAT = dwarf;
				ENABLE_STRICT_OBJC_MSGSEND = YES;
				ENABLE_TESTABILITY = YES;
				GCC_C_LANGUAGE_STANDARD = gnu99;
				GCC_DYNAMIC_NO_PIC = NO;
				GCC_NO_COMMON_BLOCKS = YES;
				GCC_OPTIMIZATION_LEVEL = 0;
				GCC_PREPROCESSOR_DEFINITIONS = (
					"DEBUG=1",
					"$(inherited)",
				);
				GCC_WARN_64_TO_32_BIT_CONVERSION = YES;
				GCC_WARN_ABOUT_RETURN_TYPE = YES_ERROR;
				GCC_WARN_UNDECLARED_SELECTOR = YES;
				GCC_WARN_UNINITIALIZED_AUTOS = YES_AGGRESSIVE;
				GCC_WARN_UNUSED_FUNCTION = YES;
				GCC_WARN_UNUSED_VARIABLE = YES;
				IPHONEOS_DEPLOYMENT_TARGET = 9.3;
				MTL_ENABLE_DEBUG_INFO = YES;
				ONLY_ACTIVE_ARCH = YES;
				SDKROOT = iphoneos;
				SWIFT_OPTIMIZATION_LEVEL = "-Onone";
			};
			name = Debug;
		};
		E9837CC21CE7061C0095B263 /* Release */ = {
			isa = XCBuildConfiguration;
			buildSettings = {
				ALWAYS_SEARCH_USER_PATHS = NO;
				CLANG_ANALYZER_NONNULL = YES;
				CLANG_CXX_LANGUAGE_STANDARD = "gnu++0x";
				CLANG_CXX_LIBRARY = "libc++";
				CLANG_ENABLE_MODULES = YES;
				CLANG_ENABLE_OBJC_ARC = YES;
				CLANG_WARN_BOOL_CONVERSION = YES;
				CLANG_WARN_CONSTANT_CONVERSION = YES;
				CLANG_WARN_DIRECT_OBJC_ISA_USAGE = YES_ERROR;
				CLANG_WARN_EMPTY_BODY = YES;
				CLANG_WARN_ENUM_CONVERSION = YES;
				CLANG_WARN_INT_CONVERSION = YES;
				CLANG_WARN_OBJC_ROOT_CLASS = YES_ERROR;
				CLANG_WARN_UNREACHABLE_CODE = YES;
				CLANG_WARN__DUPLICATE_METHOD_MATCH = YES;
				"CODE_SIGN_IDENTITY[sdk=iphoneos*]" = "iPhone Developer";
				COPY_PHASE_STRIP = NO;
				DEBUG_INFORMATION_FORMAT = "dwarf-with-dsym";
				ENABLE_NS_ASSERTIONS = NO;
				ENABLE_STRICT_OBJC_MSGSEND = YES;
				GCC_C_LANGUAGE_STANDARD = gnu99;
				GCC_NO_COMMON_BLOCKS = YES;
				GCC_WARN_64_TO_32_BIT_CONVERSION = YES;
				GCC_WARN_ABOUT_RETURN_TYPE = YES_ERROR;
				GCC_WARN_UNDECLARED_SELECTOR = YES;
				GCC_WARN_UNINITIALIZED_AUTOS = YES_AGGRESSIVE;
				GCC_WARN_UNUSED_FUNCTION = YES;
				GCC_WARN_UNUSED_VARIABLE = YES;
				IPHONEOS_DEPLOYMENT_TARGET = 9.3;
				MTL_ENABLE_DEBUG_INFO = NO;
				SDKROOT = iphoneos;
				VALIDATE_PRODUCT = YES;
			};
			name = Release;
		};
		E9837CC41CE7061C0095B263 /* Debug */ = {
			isa = XCBuildConfiguration;
			buildSettings = {
				ASSETCATALOG_COMPILER_APPICON_NAME = AppIcon;
				INFOPLIST_FILE = "Eisenhower Quadrant/Info.plist";
				LD_RUNPATH_SEARCH_PATHS = "$(inherited) @executable_path/Frameworks";
				PRODUCT_BUNDLE_IDENTIFIER = "se.ackland.patrik.Eisenhower-Quadrant";
				PRODUCT_NAME = "$(TARGET_NAME)";
			};
			name = Debug;
		};
		E9837CC51CE7061C0095B263 /* Release */ = {
			isa = XCBuildConfiguration;
			buildSettings = {
				ASSETCATALOG_COMPILER_APPICON_NAME = AppIcon;
				INFOPLIST_FILE = "Eisenhower Quadrant/Info.plist";
				LD_RUNPATH_SEARCH_PATHS = "$(inherited) @executable_path/Frameworks";
				PRODUCT_BUNDLE_IDENTIFIER = "se.ackland.patrik.Eisenhower-Quadrant";
				PRODUCT_NAME = "$(TARGET_NAME)";
			};
			name = Release;
		};
/* End XCBuildConfiguration section */

/* Begin XCConfigurationList section */
		E9837CAC1CE7061C0095B263 /* Build configuration list for PBXProject "Eisenhower Quadrant" */ = {
			isa = XCConfigurationList;
			buildConfigurations = (
				E9837CC11CE7061C0095B263 /* Debug */,
				E9837CC21CE7061C0095B263 /* Release */,
			);
			defaultConfigurationIsVisible = 0;
			defaultConfigurationName = Release;
		};
		E9837CC31CE7061C0095B263 /* Build configuration list for PBXNativeTarget "Eisenhower Quadrant" */ = {
			isa = XCConfigurationList;
			buildConfigurations = (
				E9837CC41CE7061C0095B263 /* Debug */,
				E9837CC51CE7061C0095B263 /* Release */,
			);
			defaultConfigurationIsVisible = 0;
		};
/* End XCConfigurationList section */
	};
	rootObject = E9837CA91CE7061C0095B263 /* Project object */;
}
